
Microsoft Visual Studio Solution File, Format Version 12.00
# Visual Studio Version 16
VisualStudioVersion = 16.0.30114.105
MinimumVisualStudioVersion = 10.0.40219.1
Project("{FAE04EC0-301F-11D3-BF4B-00C04F79EFBC}") = "test-message", "test-message\test-message.csproj", "{50CCB306-866E-4C2D-BFE5-75D1401CC492}"
EndProject
Project("{FAE04EC0-301F-11D3-BF4B-00C04F79EFBC}") = "test-message.Test", "test-message.Test\test-message.Test.csproj", "{0B4B9F67-7643-4B70-A74E-74E6D7778F4B}"
EndProject
Project("{FAE04EC0-301F-11D3-BF4B-00C04F79EFBC}") = "test-message.Test.Test", "test-message.Test.Test\test-message.Test.Test.csproj", "{E97FAB25-FC8A-40D3-AEEB-BB18D98BF06B}"
EndProject
Global
	GlobalSection(SolutionConfigurationPlatforms) = preSolution
		Debug|Any CPU = Debug|Any CPU
		Release|Any CPU = Release|Any CPU
	EndGlobalSection
	GlobalSection(SolutionProperties) = preSolution
		HideSolutionNode = FALSE
	EndGlobalSection
	GlobalSection(ProjectConfigurationPlatforms) = postSolution
		{50CCB306-866E-4C2D-BFE5-75D1401CC492}.Debug|Any CPU.ActiveCfg = Debug|Any CPU
		{50CCB306-866E-4C2D-BFE5-75D1401CC492}.Debug|Any CPU.Build.0 = Debug|Any CPU
		{50CCB306-866E-4C2D-BFE5-75D1401CC492}.Release|Any CPU.ActiveCfg = Release|Any CPU
		{50CCB306-866E-4C2D-BFE5-75D1401CC492}.Release|Any CPU.Build.0 = Release|Any CPU
		{0B4B9F67-7643-4B70-A74E-74E6D7778F4B}.Debug|Any CPU.ActiveCfg = Debug|Any CPU
		{0B4B9F67-7643-4B70-A74E-74E6D7778F4B}.Debug|Any CPU.Build.0 = Debug|Any CPU
		{0B4B9F67-7643-4B70-A74E-74E6D7778F4B}.Release|Any CPU.ActiveCfg = Release|Any CPU
		{0B4B9F67-7643-4B70-A74E-74E6D7778F4B}.Release|Any CPU.Build.0 = Release|Any CPU
		{E97FAB25-FC8A-40D3-AEEB-BB18D98BF06B}.Debug|Any CPU.ActiveCfg = Debug|Any CPU
		{E97FAB25-FC8A-40D3-AEEB-BB18D98BF06B}.Debug|Any CPU.Build.0 = Debug|Any CPU
		{E97FAB25-FC8A-40D3-AEEB-BB18D98BF06B}.Release|Any CPU.ActiveCfg = Release|Any CPU
		{E97FAB25-FC8A-40D3-AEEB-BB18D98BF06B}.Release|Any CPU.Build.0 = Release|Any CPU
	EndGlobalSection
EndGlobal
